
Microsoft Visual Studio Solution File, Format Version 12.00
# Visual Studio Version 17
VisualStudioVersion = 17.11.35222.181
MinimumVisualStudioVersion = 10.0.40219.1
Project("{FAE04EC0-301F-11D3-BF4B-00C04F79EFBC}") = "DynamicForm.API", "DynamicForm.API\DynamicForm.API.csproj", "{221F98E4-4385-41E9-B3CC-9641B824503D}"
EndProject
Global
	GlobalSection(SolutionConfigurationPlatforms) = preSolution
		Debug|Any CPU = Debug|Any CPU
		Release|Any CPU = Release|Any CPU
	EndGlobalSection
	GlobalSection(ProjectConfigurationPlatforms) = postSolution
		{221F98E4-4385-41E9-B3CC-9641B824503D}.Debug|Any CPU.ActiveCfg = Debug|Any CPU
		{221F98E4-4385-41E9-B3CC-9641B824503D}.Debug|Any CPU.Build.0 = Debug|Any CPU
		{221F98E4-4385-41E9-B3CC-9641B824503D}.Release|Any CPU.ActiveCfg = Release|Any CPU
		{221F98E4-4385-41E9-B3CC-9641B824503D}.Release|Any CPU.Build.0 = Release|Any CPU
	EndGlobalSection
	GlobalSection(SolutionProperties) = preSolution
		HideSolutionNode = FALSE
	EndGlobalSection
	GlobalSection(ExtensibilityGlobals) = postSolution
		SolutionGuid = {0416D6EC-E1B2-47C0-B440-52ED22EB5DC1}
	EndGlobalSection
EndGlobal
